
Microsoft Visual Studio Solution File, Format Version 12.00
# Visual Studio 15
VisualStudioVersion = 15.0.27703.2035
MinimumVisualStudioVersion = 10.0.40219.1
Project("{FAE04EC0-301F-11D3-BF4B-00C04F79EFBC}") = "RDPCertInstaller", "RDPCertInstaller.csproj", "{A7899DEA-C2BE-4F83-BCC3-CE4AB8E953B1}"
EndProject
Project("{9A19103F-16F7-4668-BE54-9A1E7A4F7556}") = "WebServer", "WebServer\WebServer.csproj", "{ADFBDDF1-ED0F-416B-B3C3-CE01F1F071C9}"
EndProject
Global
	GlobalSection(SolutionConfigurationPlatforms) = preSolution
		Debug|Any CPU = Debug|Any CPU
		Debug|x86 = Debug|x86
		Release|Any CPU = Release|Any CPU
		Release|x86 = Release|x86
	EndGlobalSection
	GlobalSection(ProjectConfigurationPlatforms) = postSolution
		{A7899DEA-C2BE-4F83-BCC3-CE4AB8E953B1}.Debug|Any CPU.ActiveCfg = Debug|Any CPU
		{A7899DEA-C2BE-4F83-BCC3-CE4AB8E953B1}.Debug|Any CPU.Build.0 = Debug|Any CPU
		{A7899DEA-C2BE-4F83-BCC3-CE4AB8E953B1}.Debug|x86.ActiveCfg = Debug|x86
		{A7899DEA-C2BE-4F83-BCC3-CE4AB8E953B1}.Debug|x86.Build.0 = Debug|x86
		{A7899DEA-C2BE-4F83-BCC3-CE4AB8E953B1}.Release|Any CPU.ActiveCfg = Release|Any CPU
		{A7899DEA-C2BE-4F83-BCC3-CE4AB8E953B1}.Release|Any CPU.Build.0 = Release|Any CPU
		{A7899DEA-C2BE-4F83-BCC3-CE4AB8E953B1}.Release|x86.ActiveCfg = Release|x86
		{A7899DEA-C2BE-4F83-BCC3-CE4AB8E953B1}.Release|x86.Build.0 = Release|x86
		{ADFBDDF1-ED0F-416B-B3C3-CE01F1F071C9}.Debug|Any CPU.ActiveCfg = Debug|Any CPU
		{ADFBDDF1-ED0F-416B-B3C3-CE01F1F071C9}.Debug|Any CPU.Build.0 = Debug|Any CPU
		{ADFBDDF1-ED0F-416B-B3C3-CE01F1F071C9}.Debug|x86.ActiveCfg = Debug|Any CPU
		{ADFBDDF1-ED0F-416B-B3C3-CE01F1F071C9}.Debug|x86.Build.0 = Debug|Any CPU
		{ADFBDDF1-ED0F-416B-B3C3-CE01F1F071C9}.Release|Any CPU.ActiveCfg = Release|Any CPU
		{ADFBDDF1-ED0F-416B-B3C3-CE01F1F071C9}.Release|Any CPU.Build.0 = Release|Any CPU
		{ADFBDDF1-ED0F-416B-B3C3-CE01F1F071C9}.Release|x86.ActiveCfg = Release|Any CPU
		{ADFBDDF1-ED0F-416B-B3C3-CE01F1F071C9}.Release|x86.Build.0 = Release|Any CPU
	EndGlobalSection
	GlobalSection(SolutionProperties) = preSolution
		HideSolutionNode = FALSE
	EndGlobalSection
	GlobalSection(ExtensibilityGlobals) = postSolution
		SolutionGuid = {B76DD084-30BF-4293-B59C-9992D848ED01}
	EndGlobalSection
EndGlobal
